
Microsoft Visual Studio Solution File, Format Version 12.00
# Visual Studio Version 17
VisualStudioVersion = 17.9.34728.123
MinimumVisualStudioVersion = 10.0.40219.1
Project("{FAE04EC0-301F-11D3-BF4B-00C04F79EFBC}") = "ToDoApp", "ToDoApp\ToDoApp.csproj", "{B831BC79-F99A-4572-B55F-2B2FCC0CCA25}"
EndProject
Global
	GlobalSection(SolutionConfigurationPlatforms) = preSolution
		Debug|Any CPU = Debug|Any CPU
		Release|Any CPU = Release|Any CPU
	EndGlobalSection
	GlobalSection(ProjectConfigurationPlatforms) = postSolution
		{B831BC79-F99A-4572-B55F-2B2FCC0CCA25}.Debug|Any CPU.ActiveCfg = Debug|Any CPU
		{B831BC79-F99A-4572-B55F-2B2FCC0CCA25}.Debug|Any CPU.Build.0 = Debug|Any CPU
		{B831BC79-F99A-4572-B55F-2B2FCC0CCA25}.Release|Any CPU.ActiveCfg = Release|Any CPU
		{B831BC79-F99A-4572-B55F-2B2FCC0CCA25}.Release|Any CPU.Build.0 = Release|Any CPU
	EndGlobalSection
	GlobalSection(SolutionProperties) = preSolution
		HideSolutionNode = FALSE
	EndGlobalSection
	GlobalSection(ExtensibilityGlobals) = postSolution
		SolutionGuid = {FB59E1F5-FA1A-4C90-B2FE-6552C1A996E1}
	EndGlobalSection
EndGlobal
